// !$*UTF8*$!
{
	archiveVersion = 1;
	classes = {
	};
	objectVersion = 56;
	objects = {

/* Begin PBXBuildFile section */
		18EC0F7C2C22CD5700BC84FB /* SGT_CCApp.swift in Sources */ = {isa = PBXBuildFile; fileRef = 18EC0F7B2C22CD5700BC84FB /* SGT_CCApp.swift */; };
		18EC0F7E2C22CD5700BC84FB /* PopularMoviesView.swift in Sources */ = {isa = PBXBuildFile; fileRef = 18EC0F7D2C22CD5700BC84FB /* PopularMoviesView.swift */; };
		18EC0F802C22CD5700BC84FB /* Assets.xcassets in Resources */ = {isa = PBXBuildFile; fileRef = 18EC0F7F2C22CD5700BC84FB /* Assets.xcassets */; };
		18EC0F832C22CD5700BC84FB /* Preview Assets.xcassets in Resources */ = {isa = PBXBuildFile; fileRef = 18EC0F822C22CD5700BC84FB /* Preview Assets.xcassets */; };
		18F89EAB2C2595EB00EE666B /* Application.framework in Frameworks */ = {isa = PBXBuildFile; fileRef = 18E74C282C25810D00928CF6 /* Application.framework */; };
		18F89EAC2C2595EB00EE666B /* Application.framework in Embed Frameworks */ = {isa = PBXBuildFile; fileRef = 18E74C282C25810D00928CF6 /* Application.framework */; settings = {ATTRIBUTES = (CodeSignOnCopy, RemoveHeadersOnCopy, ); }; };
		18F89EAF2C2595EF00EE666B /* Core.framework in Frameworks */ = {isa = PBXBuildFile; fileRef = 18E74C222C25810700928CF6 /* Core.framework */; };
		18F89EB02C2595EF00EE666B /* Core.framework in Embed Frameworks */ = {isa = PBXBuildFile; fileRef = 18E74C222C25810700928CF6 /* Core.framework */; settings = {ATTRIBUTES = (CodeSignOnCopy, RemoveHeadersOnCopy, ); }; };
		18F89EB12C2595F200EE666B /* Infrastructure.framework in Frameworks */ = {isa = PBXBuildFile; fileRef = 18E74C1D2C25810100928CF6 /* Infrastructure.framework */; };
		18F89EB22C2595F200EE666B /* Infrastructure.framework in Embed Frameworks */ = {isa = PBXBuildFile; fileRef = 18E74C1D2C25810100928CF6 /* Infrastructure.framework */; settings = {ATTRIBUTES = (CodeSignOnCopy, RemoveHeadersOnCopy, ); }; };
		18FF01F72C22FFA70071E39E /* AppDIContainer.swift in Sources */ = {isa = PBXBuildFile; fileRef = 18FF01F62C22FFA70071E39E /* AppDIContainer.swift */; };
		18FF01F92C2300760071E39E /* AppDIContainerEnvironmentKey.swift in Sources */ = {isa = PBXBuildFile; fileRef = 18FF01F82C2300750071E39E /* AppDIContainerEnvironmentKey.swift */; };
		18FF01FF2C241EEE0071E39E /* MovieRowView.swift in Sources */ = {isa = PBXBuildFile; fileRef = 18FF01FE2C241EEE0071E39E /* MovieRowView.swift */; };
		18FF02052C241F7A0071E39E /* MovieDetailView.swift in Sources */ = {isa = PBXBuildFile; fileRef = 18FF02042C241F7A0071E39E /* MovieDetailView.swift */; };
		18FF02072C241FE30071E39E /* StrechyHeaderView.swift in Sources */ = {isa = PBXBuildFile; fileRef = 18FF02062C241FE30071E39E /* StrechyHeaderView.swift */; };
/* End PBXBuildFile section */

/* Begin PBXContainerItemProxy section */
		18E74C1C2C25810100928CF6 /* PBXContainerItemProxy */ = {
			isa = PBXContainerItemProxy;
			containerPortal = 18EC0FFC2C22CE1C00BC84FB /* Infrastructure.xcodeproj */;
			proxyType = 2;
			remoteGlobalIDString = 18EC0FF22C22CE1C00BC84FB;
			remoteInfo = Infrastructure;
		};
		18E74C212C25810700928CF6 /* PBXContainerItemProxy */ = {
			isa = PBXContainerItemProxy;
			containerPortal = 18EC0FE22C22CE0700BC84FB /* Core.xcodeproj */;
			proxyType = 2;
			remoteGlobalIDString = 18EC0FD82C22CE0700BC84FB;
			remoteInfo = Core;
		};
		18E74C272C25810D00928CF6 /* PBXContainerItemProxy */ = {
			isa = PBXContainerItemProxy;
			containerPortal = 18EC0FC52C22CDEF00BC84FB /* Application.xcodeproj */;
			proxyType = 2;
			remoteGlobalIDString = 18EC0FAD2C22CDEF00BC84FB;
			remoteInfo = Application;
		};
		18E74C292C25810D00928CF6 /* PBXContainerItemProxy */ = {
			isa = PBXContainerItemProxy;
			containerPortal = 18EC0FC52C22CDEF00BC84FB /* Application.xcodeproj */;
			proxyType = 2;
			remoteGlobalIDString = 18EC0FB52C22CDEF00BC84FB;
			remoteInfo = ApplicationTests;
		};
/* End PBXContainerItemProxy section */

/* Begin PBXCopyFilesBuildPhase section */
		18FF01ED2C22F8A70071E39E /* Embed Frameworks */ = {
			isa = PBXCopyFilesBuildPhase;
			buildActionMask = 2147483647;
			dstPath = "";
			dstSubfolderSpec = 10;
			files = (
				18F89EB22C2595F200EE666B /* Infrastructure.framework in Embed Frameworks */,
				18F89EAC2C2595EB00EE666B /* Application.framework in Embed Frameworks */,
				18F89EB02C2595EF00EE666B /* Core.framework in Embed Frameworks */,
			);
			name = "Embed Frameworks";
			runOnlyForDeploymentPostprocessing = 0;
		};
/* End PBXCopyFilesBuildPhase section */

/* Begin PBXFileReference section */
		18EC0F782C22CD5700BC84FB /* SGT-CC.app */ = {isa = PBXFileReference; explicitFileType = wrapper.application; includeInIndex = 0; path = "SGT-CC.app"; sourceTree = BUILT_PRODUCTS_DIR; };
		18EC0F7B2C22CD5700BC84FB /* SGT_CCApp.swift */ = {isa = PBXFileReference; lastKnownFileType = sourcecode.swift; path = SGT_CCApp.swift; sourceTree = "<group>"; };
		18EC0F7D2C22CD5700BC84FB /* PopularMoviesView.swift */ = {isa = PBXFileReference; lastKnownFileType = sourcecode.swift; path = PopularMoviesView.swift; sourceTree = "<group>"; };
		18EC0F7F2C22CD5700BC84FB /* Assets.xcassets */ = {isa = PBXFileReference; lastKnownFileType = folder.assetcatalog; path = Assets.xcassets; sourceTree = "<group>"; };
		18EC0F822C22CD5700BC84FB /* Preview Assets.xcassets */ = {isa = PBXFileReference; lastKnownFileType = folder.assetcatalog; path = "Preview Assets.xcassets"; sourceTree = "<group>"; };
		18EC0FC52C22CDEF00BC84FB /* Application.xcodeproj */ = {isa = PBXFileReference; lastKnownFileType = "wrapper.pb-project"; name = Application.xcodeproj; path = "SGT-CC/Application/Application.xcodeproj"; sourceTree = SOURCE_ROOT; };
		18EC0FE22C22CE0700BC84FB /* Core.xcodeproj */ = {isa = PBXFileReference; lastKnownFileType = "wrapper.pb-project"; name = Core.xcodeproj; path = "SGT-CC/Core/Core.xcodeproj"; sourceTree = SOURCE_ROOT; };
		18EC0FFC2C22CE1C00BC84FB /* Infrastructure.xcodeproj */ = {isa = PBXFileReference; lastKnownFileType = "wrapper.pb-project"; name = Infrastructure.xcodeproj; path = "SGT-CC/Infrastructure/Infrastructure.xcodeproj"; sourceTree = SOURCE_ROOT; };
		18FF01F22C22FCE00071E39E /* Info.plist */ = {isa = PBXFileReference; lastKnownFileType = text.plist; path = Info.plist; sourceTree = "<group>"; };
		18FF01F62C22FFA70071E39E /* AppDIContainer.swift */ = {isa = PBXFileReference; lastKnownFileType = sourcecode.swift; path = AppDIContainer.swift; sourceTree = "<group>"; };
		18FF01F82C2300750071E39E /* AppDIContainerEnvironmentKey.swift */ = {isa = PBXFileReference; lastKnownFileType = sourcecode.swift; path = AppDIContainerEnvironmentKey.swift; sourceTree = "<group>"; };
		18FF01FE2C241EEE0071E39E /* MovieRowView.swift */ = {isa = PBXFileReference; lastKnownFileType = sourcecode.swift; path = MovieRowView.swift; sourceTree = "<group>"; };
		18FF02042C241F7A0071E39E /* MovieDetailView.swift */ = {isa = PBXFileReference; lastKnownFileType = sourcecode.swift; path = MovieDetailView.swift; sourceTree = "<group>"; };
		18FF02062C241FE30071E39E /* StrechyHeaderView.swift */ = {isa = PBXFileReference; lastKnownFileType = sourcecode.swift; path = StrechyHeaderView.swift; sourceTree = "<group>"; };
/* End PBXFileReference section */

/* Begin PBXFrameworksBuildPhase section */
		18EC0F752C22CD5700BC84FB /* Frameworks */ = {
			isa = PBXFrameworksBuildPhase;
			buildActionMask = 2147483647;
			files = (
				18F89EB12C2595F200EE666B /* Infrastructure.framework in Frameworks */,
				18F89EAB2C2595EB00EE666B /* Application.framework in Frameworks */,
				18F89EAF2C2595EF00EE666B /* Core.framework in Frameworks */,
			);
			runOnlyForDeploymentPostprocessing = 0;
		};
/* End PBXFrameworksBuildPhase section */

/* Begin PBXGroup section */
		18E74C192C25810100928CF6 /* Products */ = {
			isa = PBXGroup;
			children = (
				18E74C1D2C25810100928CF6 /* Infrastructure.framework */,
			);
			name = Products;
			sourceTree = "<group>";
		};
		18E74C1E2C25810700928CF6 /* Products */ = {
			isa = PBXGroup;
			children = (
				18E74C222C25810700928CF6 /* Core.framework */,
			);
			name = Products;
			sourceTree = "<group>";
		};
		18E74C232C25810D00928CF6 /* Products */ = {
			isa = PBXGroup;
			children = (
				18E74C282C25810D00928CF6 /* Application.framework */,
				18E74C2A2C25810D00928CF6 /* ApplicationTests.xctest */,
			);
			name = Products;
			sourceTree = "<group>";
		};
		18EC0F6F2C22CD5700BC84FB = {
			isa = PBXGroup;
			children = (
				18EC0F7A2C22CD5700BC84FB /* SGT-CC */,
				18EC0F792C22CD5700BC84FB /* Products */,
				18FF01EA2C22F8A60071E39E /* Frameworks */,
			);
			sourceTree = "<group>";
		};
		18EC0F792C22CD5700BC84FB /* Products */ = {
			isa = PBXGroup;
			children = (
				18EC0F782C22CD5700BC84FB /* SGT-CC.app */,
			);
			name = Products;
			sourceTree = "<group>";
		};
		18EC0F7A2C22CD5700BC84FB /* SGT-CC */ = {
			isa = PBXGroup;
			children = (
				18EC0FFC2C22CE1C00BC84FB /* Infrastructure.xcodeproj */,
				18EC0FE22C22CE0700BC84FB /* Core.xcodeproj */,
				18EC0FC52C22CDEF00BC84FB /* Application.xcodeproj */,
				18EC10212C22D25200BC84FB /* Presentation */,
				18EC0F812C22CD5700BC84FB /* Preview Content */,
				18FF01F22C22FCE00071E39E /* Info.plist */,
			);
			path = "SGT-CC";
			sourceTree = "<group>";
		};
		18EC0F812C22CD5700BC84FB /* Preview Content */ = {
			isa = PBXGroup;
			children = (
				18EC0F822C22CD5700BC84FB /* Preview Assets.xcassets */,
			);
			path = "Preview Content";
			sourceTree = "<group>";
		};
		18EC10212C22D25200BC84FB /* Presentation */ = {
			isa = PBXGroup;
			children = (
				18EC10222C22D26000BC84FB /* Resources */,
				18FF01FA2C23019F0071E39E /* DI */,
				18EC0F7B2C22CD5700BC84FB /* SGT_CCApp.swift */,
				18EC0F7D2C22CD5700BC84FB /* PopularMoviesView.swift */,
				18FF01FE2C241EEE0071E39E /* MovieRowView.swift */,
				18FF02042C241F7A0071E39E /* MovieDetailView.swift */,
				18FF02062C241FE30071E39E /* StrechyHeaderView.swift */,
			);
			path = Presentation;
			sourceTree = "<group>";
		};
		18EC10222C22D26000BC84FB /* Resources */ = {
			isa = PBXGroup;
			children = (
				18EC0F7F2C22CD5700BC84FB /* Assets.xcassets */,
			);
			path = Resources;
			sourceTree = "<group>";
		};
		18FF01EA2C22F8A60071E39E /* Frameworks */ = {
			isa = PBXGroup;
			children = (
			);
			name = Frameworks;
			sourceTree = "<group>";
		};
		18FF01FA2C23019F0071E39E /* DI */ = {
			isa = PBXGroup;
			children = (
				18FF01F62C22FFA70071E39E /* AppDIContainer.swift */,
				18FF01F82C2300750071E39E /* AppDIContainerEnvironmentKey.swift */,
			);
			path = DI;
			sourceTree = "<group>";
		};
/* End PBXGroup section */

/* Begin PBXNativeTarget section */
		18EC0F772C22CD5700BC84FB /* SGT-CC */ = {
			isa = PBXNativeTarget;
			buildConfigurationList = 18EC0F862C22CD5700BC84FB /* Build configuration list for PBXNativeTarget "SGT-CC" */;
			buildPhases = (
				18EC0F742C22CD5700BC84FB /* Sources */,
				18EC0F752C22CD5700BC84FB /* Frameworks */,
				18EC0F762C22CD5700BC84FB /* Resources */,
				18FF01ED2C22F8A70071E39E /* Embed Frameworks */,
			);
			buildRules = (
			);
			dependencies = (
			);
			name = "SGT-CC";
			productName = "SGT-CC";
			productReference = 18EC0F782C22CD5700BC84FB /* SGT-CC.app */;
			productType = "com.apple.product-type.application";
		};
/* End PBXNativeTarget section */

/* Begin PBXProject section */
		18EC0F702C22CD5700BC84FB /* Project object */ = {
			isa = PBXProject;
			attributes = {
				BuildIndependentTargetsInParallel = 1;
				LastSwiftUpdateCheck = 1510;
				LastUpgradeCheck = 1510;
				TargetAttributes = {
					18EC0F772C22CD5700BC84FB = {
						CreatedOnToolsVersion = 15.1;
					};
				};
			};
			buildConfigurationList = 18EC0F732C22CD5700BC84FB /* Build configuration list for PBXProject "SGT-CC" */;
			compatibilityVersion = "Xcode 14.0";
			developmentRegion = en;
			hasScannedForEncodings = 0;
			knownRegions = (
				en,
				Base,
			);
			mainGroup = 18EC0F6F2C22CD5700BC84FB;
			productRefGroup = 18EC0F792C22CD5700BC84FB /* Products */;
			projectDirPath = "";
			projectReferences = (
				{
					ProductGroup = 18E74C232C25810D00928CF6 /* Products */;
					ProjectRef = 18EC0FC52C22CDEF00BC84FB /* Application.xcodeproj */;
				},
				{
					ProductGroup = 18E74C1E2C25810700928CF6 /* Products */;
					ProjectRef = 18EC0FE22C22CE0700BC84FB /* Core.xcodeproj */;
				},
				{
					ProductGroup = 18E74C192C25810100928CF6 /* Products */;
					ProjectRef = 18EC0FFC2C22CE1C00BC84FB /* Infrastructure.xcodeproj */;
				},
			);
			projectRoot = "";
			targets = (
				18EC0F772C22CD5700BC84FB /* SGT-CC */,
			);
		};
/* End PBXProject section */

/* Begin PBXReferenceProxy section */
		18E74C1D2C25810100928CF6 /* Infrastructure.framework */ = {
			isa = PBXReferenceProxy;
			fileType = wrapper.framework;
			path = Infrastructure.framework;
			remoteRef = 18E74C1C2C25810100928CF6 /* PBXContainerItemProxy */;
			sourceTree = BUILT_PRODUCTS_DIR;
		};
		18E74C222C25810700928CF6 /* Core.framework */ = {
			isa = PBXReferenceProxy;
			fileType = wrapper.framework;
			path = Core.framework;
			remoteRef = 18E74C212C25810700928CF6 /* PBXContainerItemProxy */;
			sourceTree = BUILT_PRODUCTS_DIR;
		};
		18E74C282C25810D00928CF6 /* Application.framework */ = {
			isa = PBXReferenceProxy;
			fileType = wrapper.framework;
			path = Application.framework;
			remoteRef = 18E74C272C25810D00928CF6 /* PBXContainerItemProxy */;
			sourceTree = BUILT_PRODUCTS_DIR;
		};
		18E74C2A2C25810D00928CF6 /* ApplicationTests.xctest */ = {
			isa = PBXReferenceProxy;
			fileType = wrapper.cfbundle;
			path = ApplicationTests.xctest;
			remoteRef = 18E74C292C25810D00928CF6 /* PBXContainerItemProxy */;
			sourceTree = BUILT_PRODUCTS_DIR;
		};
/* End PBXReferenceProxy section */

/* Begin PBXResourcesBuildPhase section */
		18EC0F762C22CD5700BC84FB /* Resources */ = {
			isa = PBXResourcesBuildPhase;
			buildActionMask = 2147483647;
			files = (
				18EC0F832C22CD5700BC84FB /* Preview Assets.xcassets in Resources */,
				18EC0F802C22CD5700BC84FB /* Assets.xcassets in Resources */,
			);
			runOnlyForDeploymentPostprocessing = 0;
		};
/* End PBXResourcesBuildPhase section */

/* Begin PBXSourcesBuildPhase section */
		18EC0F742C22CD5700BC84FB /* Sources */ = {
			isa = PBXSourcesBuildPhase;
			buildActionMask = 2147483647;
			files = (
				18FF02052C241F7A0071E39E /* MovieDetailView.swift in Sources */,
				18FF02072C241FE30071E39E /* StrechyHeaderView.swift in Sources */,
				18FF01F92C2300760071E39E /* AppDIContainerEnvironmentKey.swift in Sources */,
				18EC0F7E2C22CD5700BC84FB /* PopularMoviesView.swift in Sources */,
				18EC0F7C2C22CD5700BC84FB /* SGT_CCApp.swift in Sources */,
				18FF01FF2C241EEE0071E39E /* MovieRowView.swift in Sources */,
				18FF01F72C22FFA70071E39E /* AppDIContainer.swift in Sources */,
			);
			runOnlyForDeploymentPostprocessing = 0;
		};
/* End PBXSourcesBuildPhase section */

/* Begin XCBuildConfiguration section */
		18EC0F842C22CD5700BC84FB /* Debug */ = {
			isa = XCBuildConfiguration;
			buildSettings = {
				ALWAYS_SEARCH_USER_PATHS = NO;
				ASSETCATALOG_COMPILER_GENERATE_SWIFT_ASSET_SYMBOL_EXTENSIONS = YES;
				CLANG_ANALYZER_NONNULL = YES;
				CLANG_ANALYZER_NUMBER_OBJECT_CONVERSION = YES_AGGRESSIVE;
				CLANG_CXX_LANGUAGE_STANDARD = "gnu++20";
				CLANG_ENABLE_MODULES = YES;
				CLANG_ENABLE_OBJC_ARC = YES;
				CLANG_ENABLE_OBJC_WEAK = YES;
				CLANG_WARN_BLOCK_CAPTURE_AUTORELEASING = YES;
				CLANG_WARN_BOOL_CONVERSION = YES;
				CLANG_WARN_COMMA = YES;
				CLANG_WARN_CONSTANT_CONVERSION = YES;
				CLANG_WARN_DEPRECATED_OBJC_IMPLEMENTATIONS = YES;
				CLANG_WARN_DIRECT_OBJC_ISA_USAGE = YES_ERROR;
				CLANG_WARN_DOCUMENTATION_COMMENTS = YES;
				CLANG_WARN_EMPTY_BODY = YES;
				CLANG_WARN_ENUM_CONVERSION = YES;
				CLANG_WARN_INFINITE_RECURSION = YES;
				CLANG_WARN_INT_CONVERSION = YES;
				CLANG_WARN_NON_LITERAL_NULL_CONVERSION = YES;
				CLANG_WARN_OBJC_IMPLICIT_RETAIN_SELF = YES;
				CLANG_WARN_OBJC_LITERAL_CONVERSION = YES;
				CLANG_WARN_OBJC_ROOT_CLASS = YES_ERROR;
				CLANG_WARN_QUOTED_INCLUDE_IN_FRAMEWORK_HEADER = YES;
				CLANG_WARN_RANGE_LOOP_ANALYSIS = YES;
				CLANG_WARN_STRICT_PROTOTYPES = YES;
				CLANG_WARN_SUSPICIOUS_MOVE = YES;
				CLANG_WARN_UNGUARDED_AVAILABILITY = YES_AGGRESSIVE;
				CLANG_WARN_UNREACHABLE_CODE = YES;
				CLANG_WARN__DUPLICATE_METHOD_MATCH = YES;
				COPY_PHASE_STRIP = NO;
				DEBUG_INFORMATION_FORMAT = dwarf;
				ENABLE_STRICT_OBJC_MSGSEND = YES;
				ENABLE_TESTABILITY = YES;
				ENABLE_USER_SCRIPT_SANDBOXING = YES;
				GCC_C_LANGUAGE_STANDARD = gnu17;
				GCC_DYNAMIC_NO_PIC = NO;
				GCC_NO_COMMON_BLOCKS = YES;
				GCC_OPTIMIZATION_LEVEL = 0;
				GCC_PREPROCESSOR_DEFINITIONS = (
					"DEBUG=1",
					"$(inherited)",
				);
				GCC_WARN_64_TO_32_BIT_CONVERSION = YES;
				GCC_WARN_ABOUT_RETURN_TYPE = YES_ERROR;
				GCC_WARN_UNDECLARED_SELECTOR = YES;
				GCC_WARN_UNINITIALIZED_AUTOS = YES_AGGRESSIVE;
				GCC_WARN_UNUSED_FUNCTION = YES;
				GCC_WARN_UNUSED_VARIABLE = YES;
				IPHONEOS_DEPLOYMENT_TARGET = 17.2;
				LOCALIZATION_PREFERS_STRING_CATALOGS = YES;
				MTL_ENABLE_DEBUG_INFO = INCLUDE_SOURCE;
				MTL_FAST_MATH = YES;
				ONLY_ACTIVE_ARCH = YES;
				SDKROOT = iphoneos;
				SWIFT_ACTIVE_COMPILATION_CONDITIONS = "DEBUG $(inherited)";
				SWIFT_OPTIMIZATION_LEVEL = "-Onone";
			};
			name = Debug;
		};
		18EC0F852C22CD5700BC84FB /* Release */ = {
			isa = XCBuildConfiguration;
			buildSettings = {
				ALWAYS_SEARCH_USER_PATHS = NO;
				ASSETCATALOG_COMPILER_GENERATE_SWIFT_ASSET_SYMBOL_EXTENSIONS = YES;
				CLANG_ANALYZER_NONNULL = YES;
				CLANG_ANALYZER_NUMBER_OBJECT_CONVERSION = YES_AGGRESSIVE;
				CLANG_CXX_LANGUAGE_STANDARD = "gnu++20";
				CLANG_ENABLE_MODULES = YES;
				CLANG_ENABLE_OBJC_ARC = YES;
				CLANG_ENABLE_OBJC_WEAK = YES;
				CLANG_WARN_BLOCK_CAPTURE_AUTORELEASING = YES;
				CLANG_WARN_BOOL_CONVERSION = YES;
				CLANG_WARN_COMMA = YES;
				CLANG_WARN_CONSTANT_CONVERSION = YES;
				CLANG_WARN_DEPRECATED_OBJC_IMPLEMENTATIONS = YES;
				CLANG_WARN_DIRECT_OBJC_ISA_USAGE = YES_ERROR;
				CLANG_WARN_DOCUMENTATION_COMMENTS = YES;
				CLANG_WARN_EMPTY_BODY = YES;
				CLANG_WARN_ENUM_CONVERSION = YES;
				CLANG_WARN_INFINITE_RECURSION = YES;
				CLANG_WARN_INT_CONVERSION = YES;
				CLANG_WARN_NON_LITERAL_NULL_CONVERSION = YES;
				CLANG_WARN_OBJC_IMPLICIT_RETAIN_SELF = YES;
				CLANG_WARN_OBJC_LITERAL_CONVERSION = YES;
				CLANG_WARN_OBJC_ROOT_CLASS = YES_ERROR;
				CLANG_WARN_QUOTED_INCLUDE_IN_FRAMEWORK_HEADER = YES;
				CLANG_WARN_RANGE_LOOP_ANALYSIS = YES;
				CLANG_WARN_STRICT_PROTOTYPES = YES;
				CLANG_WARN_SUSPICIOUS_MOVE = YES;
				CLANG_WARN_UNGUARDED_AVAILABILITY = YES_AGGRESSIVE;
				CLANG_WARN_UNREACHABLE_CODE = YES;
				CLANG_WARN__DUPLICATE_METHOD_MATCH = YES;
				COPY_PHASE_STRIP = NO;
				DEBUG_INFORMATION_FORMAT = "dwarf-with-dsym";
				ENABLE_NS_ASSERTIONS = NO;
				ENABLE_STRICT_OBJC_MSGSEND = YES;
				ENABLE_USER_SCRIPT_SANDBOXING = YES;
				GCC_C_LANGUAGE_STANDARD = gnu17;
				GCC_NO_COMMON_BLOCKS = YES;
				GCC_WARN_64_TO_32_BIT_CONVERSION = YES;
				GCC_WARN_ABOUT_RETURN_TYPE = YES_ERROR;
				GCC_WARN_UNDECLARED_SELECTOR = YES;
				GCC_WARN_UNINITIALIZED_AUTOS = YES_AGGRESSIVE;
				GCC_WARN_UNUSED_FUNCTION = YES;
				GCC_WARN_UNUSED_VARIABLE = YES;
				IPHONEOS_DEPLOYMENT_TARGET = 17.2;
				LOCALIZATION_PREFERS_STRING_CATALOGS = YES;
				MTL_ENABLE_DEBUG_INFO = NO;
				MTL_FAST_MATH = YES;
				SDKROOT = iphoneos;
				SWIFT_COMPILATION_MODE = wholemodule;
				VALIDATE_PRODUCT = YES;
			};
			name = Release;
		};
		18EC0F872C22CD5700BC84FB /* Debug */ = {
			isa = XCBuildConfiguration;
			buildSettings = {
				ACCESS_TOKEN = "eyJhbGciOiJIUzI1NiJ9.eyJhdWQiOiI5MDVmZGMzNTdkNGY3ZGI5YzhkNGU5YjNiYTI1M2M3ZCIsInN1YiI6IjVjOGY3ZjFlMGUwYTI2NjIzNzU1YzRlOSIsInNjb3BlcyI6WyJhcGlfcmVhZCJdLCJ2ZXJzaW9uIjoxfQ.IJV907H9MJ7b5pgnFrb-zYXRoXtXbtlUH37P-3BrePU";
				ASSETCATALOG_COMPILER_APPICON_NAME = AppIcon;
				ASSETCATALOG_COMPILER_GLOBAL_ACCENT_COLOR_NAME = AccentColor;
				BASE_URL = "https://api.themoviedb.org/3/";
				CODE_SIGN_STYLE = Automatic;
				CURRENT_PROJECT_VERSION = 1;
				DEVELOPMENT_ASSET_PATHS = "\"SGT-CC/Preview Content\"";
				ENABLE_PREVIEWS = YES;
				GENERATE_INFOPLIST_FILE = YES;
				INFOPLIST_FILE = "SGT-CC/Info.plist";
				INFOPLIST_KEY_UIApplicationSceneManifest_Generation = YES;
				INFOPLIST_KEY_UIApplicationSupportsIndirectInputEvents = YES;
				INFOPLIST_KEY_UILaunchScreen_Generation = YES;
				INFOPLIST_KEY_UISupportedInterfaceOrientations_iPad = "UIInterfaceOrientationPortrait UIInterfaceOrientationPortraitUpsideDown UIInterfaceOrientationLandscapeLeft UIInterfaceOrientationLandscapeRight";
				INFOPLIST_KEY_UISupportedInterfaceOrientations_iPhone = "UIInterfaceOrientationPortrait UIInterfaceOrientationLandscapeLeft UIInterfaceOrientationLandscapeRight";
				LD_RUNPATH_SEARCH_PATHS = (
					"$(inherited)",
					"@executable_path/Frameworks",
				);
				MARKETING_VERSION = 1.0;
				PRODUCT_BUNDLE_IDENTIFIER = "io.SGT.SGT-CC";
				PRODUCT_NAME = "$(TARGET_NAME)";
				SWIFT_EMIT_LOC_STRINGS = YES;
				SWIFT_VERSION = 5.0;
				TARGETED_DEVICE_FAMILY = "1,2";
			};
			name = Debug;
		};
		18EC0F882C22CD5700BC84FB /* Release */ = {
			isa = XCBuildConfiguration;
			buildSettings = {
				ACCESS_TOKEN = "eyJhbGciOiJIUzI1NiJ9.eyJhdWQiOiI5MDVmZGMzNTdkNGY3ZGI5YzhkNGU5YjNiYTI1M2M3ZCIsInN1YiI6IjVjOGY3ZjFlMGUwYTI2NjIzNzU1YzRlOSIsInNjb3BlcyI6WyJhcGlfcmVhZCJdLCJ2ZXJzaW9uIjoxfQ.IJV907H9MJ7b5pgnFrb-zYXRoXtXbtlUH37P-3BrePU";
				ASSETCATALOG_COMPILER_APPICON_NAME = AppIcon;
				ASSETCATALOG_COMPILER_GLOBAL_ACCENT_COLOR_NAME = AccentColor;
				BASE_URL = "https://api.themoviedb.org/3/";
				CODE_SIGN_STYLE = Automatic;
				CURRENT_PROJECT_VERSION = 1;
				DEVELOPMENT_ASSET_PATHS = "\"SGT-CC/Preview Content\"";
				ENABLE_PREVIEWS = YES;
				GENERATE_INFOPLIST_FILE = YES;
				INFOPLIST_FILE = "SGT-CC/Info.plist";
				INFOPLIST_KEY_UIApplicationSceneManifest_Generation = YES;
				INFOPLIST_KEY_UIApplicationSupportsIndirectInputEvents = YES;
				INFOPLIST_KEY_UILaunchScreen_Generation = YES;
				INFOPLIST_KEY_UISupportedInterfaceOrientations_iPad = "UIInterfaceOrientationPortrait UIInterfaceOrientationPortraitUpsideDown UIInterfaceOrientationLandscapeLeft UIInterfaceOrientationLandscapeRight";
				INFOPLIST_KEY_UISupportedInterfaceOrientations_iPhone = "UIInterfaceOrientationPortrait UIInterfaceOrientationLandscapeLeft UIInterfaceOrientationLandscapeRight";
				LD_RUNPATH_SEARCH_PATHS = (
					"$(inherited)",
					"@executable_path/Frameworks",
				);
				MARKETING_VERSION = 1.0;
				PRODUCT_BUNDLE_IDENTIFIER = "io.SGT.SGT-CC";
				PRODUCT_NAME = "$(TARGET_NAME)";
				SWIFT_EMIT_LOC_STRINGS = YES;
				SWIFT_VERSION = 5.0;
				TARGETED_DEVICE_FAMILY = "1,2";
			};
			name = Release;
		};
/* End XCBuildConfiguration section */

/* Begin XCConfigurationList section */
		18EC0F732C22CD5700BC84FB /* Build configuration list for PBXProject "SGT-CC" */ = {
			isa = XCConfigurationList;
			buildConfigurations = (
				18EC0F842C22CD5700BC84FB /* Debug */,
				18EC0F852C22CD5700BC84FB /* Release */,
			);
			defaultConfigurationIsVisible = 0;
			defaultConfigurationName = Release;
		};
		18EC0F862C22CD5700BC84FB /* Build configuration list for PBXNativeTarget "SGT-CC" */ = {
			isa = XCConfigurationList;
			buildConfigurations = (
				18EC0F872C22CD5700BC84FB /* Debug */,
				18EC0F882C22CD5700BC84FB /* Release */,
			);
			defaultConfigurationIsVisible = 0;
			defaultConfigurationName = Release;
		};
/* End XCConfigurationList section */
	};
	rootObject = 18EC0F702C22CD5700BC84FB /* Project object */;
}
